{
    "_meta": {
        "hash": {
            "sha256": "d76256d457c053d9b3acab9895dfccb838b93d0a9990613599b7a9f9aace9e74"
        },
        "pipfile-spec": 6,
        "requires": {
            "python_version": "3.9"
        },
        "sources": [
            {
                "name": "pip_conf_index_global",
                "url": "http://znana.top:9090/",
                "verify_ssl": false
            }
        ]
    },
    "default": {
        "blinker": {
            "hashes": [
                "sha256:c3f865d4d54db7abc53758a01601cf343fe55b84c1de4e3fa910e420b438d5b9"
            ],
            "version": "==1.7.0"
        },
        "cffi": {
            "hashes": [
                "sha256:0928df15fc8e63099fa82cf2deb0f67ad740639ae23089fd26c6d919d08f9844",
                "sha256:0c9ef6ff37e974b73c25eecc13952c55bceed9112be2d9d938ded8e856138bcc",
                "sha256:0ff5cf5f823c507f1449121fe29f31989b8aa2782807e5d0f28a7f8ee2678294",
                "sha256:131fd094d1065b19540c3d72594260f118b231090295d8c34e19a7bbcf2e860a",
                "sha256:14749dd9f2906b1f3381927d548fa1136f8361253543b20d08c8b3ddf0e88585",
                "sha256:1aa49e13394da30a35c772c1042fc21d342c41e8137d1e153d2c467f44201dae",
                "sha256:2361e1a133c9999b4a3eaf03c7ce7f91c69347e617289675e7b3b07fa4392e23",
                "sha256:24357100aceaf76318b9a826237fe7dc20652daf1d15d6f0db162fea3d665e7b",
                "sha256:2de1371afe36f892916da71e83ab00f8766ccd81df40794bacb6eda7a355cd6f",
                "sha256:31d13b0f99e0836b7ff893d37af07366ebc90b678b6664c955b54561fc36ef36",
                "sha256:3591f33b9b0f8a31a612d9f1cefe595973d991233eecce07948d1e74114cc0c1",
                "sha256:3686dffb02459559c74dd3d81748269ffb0eb027c39a6fc99502de37d501faa8",
                "sha256:3a3a5d6575f5193c305b026ab4b6cfd9faf6b23ad823cf527553cf8e98055ffe",
                "sha256:3b478e5cb81139cfb2726f7b7d5b3662e4cbbe8e13da5443db23545dcc4c0d05",
                "sha256:3ce9be5bceb74b9f55dbe326e933faf674f891223852eef52a2a70dcb07c523f",
                "sha256:3fdc35da8835fd60a7a26153919f90f58ae82822f3d2992cc93170fb76760384",
                "sha256:43884e9fe6a612c25b420ed0e62d219c309cfd2cd80132829c577e7d8e50afb8",
                "sha256:478d6a99f78478d7e3b8db69bbd1a648fff31a313e1ae76f87d260dde91e5cd7",
                "sha256:4ce6c1a2e8925db47492378860b25a051a73a5fe217261af7dee3d523f2922ba",
                "sha256:50e493ab94d425edfc713a2cac4d56a6a6c11638bebf411e86013be69e624e69",
                "sha256:52f75ee1a8dd96ee4a96820df4fb079adb29736c0d351235d591bc94aa933689",
                "sha256:582215a0e9adbe0e379761260553ba11c58943e4bbe9c36430c4ca6ac74b15ed",
                "sha256:6406e237787e3a36951b2f4ab805524e605ab508477be444ebbce1b87845dedd",
                "sha256:65cd3cfc9262a82ed9f096cd41dfd9b2b293a009f52bbfe499fb9f246edc4404",
                "sha256:6602bc8dc6f3a9e02b6c22c4fc1e47aa50f8f8e6d3f78a5e16ac33ef5fefa324",
                "sha256:6b5ae6273853754efa05be54b97b9fb830679f349f425076d7993b0cac7ba4f3",
                "sha256:748dcd1e3d3d7cd5443ef03ce8685043294ad6bd7c02a38d1bd367cfd968e000",
                "sha256:75523efb2bda34d882f8b8c0e41daed350e8cd11307b1154a79e857cb5fa0814",
                "sha256:76bac0ad1168d71e9f117b5bbcd4efc5d7328f9a0054fd058b0b0eba88bcf7d6",
                "sha256:78faf51033e48213a2ef2d8cb2987e650058a60ebe8085bcc3afe484c61950fb",
                "sha256:80876338e19c951fdfed6198e70bc88f1c9758b94578d5a7c4c91a87af3cf31c",
                "sha256:8895613bcc094d4a1b2dbe179d88d7fb4a15cee43c052e8885783fac397d91fe",
                "sha256:8f8e709127c6c77446a8c0a8c8bf3c8ee706a06cd44b1e827c3e6a2ee6b8c098",
                "sha256:9861337fbeab2e421e068cf1068bf080dd742a02b1c65f2c613b9479438e626d",
                "sha256:98e2d9d7754509a1e5366c378eb095e9f8a3b67ba6dc822092153fe3c7529d45",
                "sha256:9b598e2b6f0f24180482458d644db6dc44e98bcdc9c00914d69b2749994efe0c",
                "sha256:9cb4a35b3642fc5c005a6755a5d17c6c8b6bcb6981baf81cea8bfbc8903e8ba8",
                "sha256:a09582f178759ee8128d9270cd1344154fd473bb77d94ce0aeb2a93ebf0feaf0",
                "sha256:a27f0237f7481a0e48bcce9de390c07d6518a9958c330817ef505f4fe0def1ad",
                "sha256:a55f625e389f89e4d06b188f39deb51d3dea7ac96092e1b8cd4182eb761b537e",
                "sha256:a6a14b17d7e17fa0d207ac08642c8820f84f25ce17a442fd15e27ea18d67c59b",
                "sha256:aac5299ed6c4b56447b6b0c4f99e587e4998c05bb4d633002adcd36be68085e1",
                "sha256:ab70e66da8e53534c5b34012b4ba9f9805a7e379902eeb583aaa6e15e18db550",
                "sha256:ae42699a559623cb730602ade2cc0a1f053f8b0ed958c8c1c7ddd0a02254876a",
                "sha256:af5b0f7e331ea55232f15e972abd74d2817964accdd6fd3e5c2b8ac354fa993f",
                "sha256:b02e33fb7aac7149828a7912dc44751821a74d568984af9946e270ae5708e2fd",
                "sha256:b1d80ef126d3b8e1e1ead94fb8ac44eb1f4ed36990dba3e09fa4b7921426879d",
                "sha256:b29ebffcf550f9da55bec9e02ad430c992a87e5f512cd63388abb76f1036d8d2",
                "sha256:b86851a328eedc692acf81fb05444bdf1891747c25af7529e39ddafaf68a4f3f",
                "sha256:c0f31130ebc2d37cdd8e44605fb5fa7ad59049298b3f745c74fa74c62fbfcfc4",
                "sha256:dc9b18bf40cc75f66f40a7379f6a9513244fe33c0e8aa72e2d56b0196a7ef872",
                "sha256:dfd80e1feaffe8eff95ae26ffa83bdf7ad5f1e24f00b24310c27a95eca51a4b6",
                "sha256:e760191dd42581e023a68b758769e2da259b5d52e3103c6060ddc02c9edb8d7b",
                "sha256:ed737449b6d66429dfe6c513d015d61a3bcd845aa993a630ef5f5a89fadd4070",
                "sha256:ed86a35631f7bfbb28e108dd96773b9d5a6ce4811cf6ea468bb6a359b256b1e4",
                "sha256:efadf60f8cc01419369db94d63ca17de3f5a214c77ef260c18a1e64f2e0da02c",
                "sha256:f4a99491edeafd0c41f5fe39ba0540b889a17f86f740d8160ee535fa0303c9ec"
            ],
            "markers": "platform_python_implementation == 'CPython' and sys_platform == 'win32'",
            "version": "==1.16.0"
        },
        "click": {
            "hashes": [
                "sha256:ae74fb96c20a0277a1d615f1e4d73c8414f5a98db8b799a7931d1582f3390c28"
            ],
            "version": "==8.1.7"
        },
        "colorama": {
            "hashes": [
                "sha256:4f1d9991f5acc0ca119f9d443620b77f9d6b33703e51011c16baf57afb285fc6",
                "sha256:bc3a1efa0b297242dcd0757e2e83d358bcd18bda77735e493aa89a634e74c9bf"
            ],
            "markers": "sys_platform == 'win32'",
            "version": "==0.4.6"
        },
        "dbutils": {
            "hashes": [
                "sha256:fc162b564263354d99c585ba22ae5f094283dcfa1032f7e07e5f01815b976f1c"
            ],
            "index": "pip_conf_index_global",
            "version": "==3.0.3"
        },
        "flask": {
            "hashes": [
                "sha256:21128f47e4e3b9d597a3e8521a329bf56909b690fcc3fa3e477725aa81367638"
            ],
            "index": "pip_conf_index_global",
            "version": "==3.0.0"
        },
        "gevent": {
            "hashes": [
                "sha256:2c7b5c9912378e5f5ccf180d1fdb1e83f42b71823483066eddbe10ef1a2fcaa2",
                "sha256:43daf68496c03a35287b8b617f9f91e0e7c0d042aebcc060cadc3f049aadd653",
                "sha256:62d121344f7465e3739989ad6b91f53a6ca9110518231553fe5846dbe1b4518f",
                "sha256:7532c17bc6c1cbac265e751b95000961715adef35a25d2b0b1813aa7263fb397",
                "sha256:78eebaf5e73ff91d34df48f4e35581ab4c84e22dd5338ef32714264063c57507",
                "sha256:7c28e38dcde327c217fdafb9d5d17d3e772f636f35df15ffae2d933a5587addd",
                "sha256:7ccf0fd378257cb77d91c116e15c99e533374a8153632c48a3ecae7f7f4f09fe",
                "sha256:a2898b7048771917d85a1d548fd378e8a7b2ca963db8e17c6d90c76b495e0e2b",
                "sha256:bf456bd6b992eb0e1e869e2fd0caf817f0253e55ca7977fd0e72d0336a8c1c6a",
                "sha256:d163d59f1be5a4c4efcdd13c2177baaf24aadf721fdf2e1af9ee54a998d160f5",
                "sha256:f632487c87866094546a74eefbca2c74c1d03638b715b6feb12e80120960185a",
                "sha256:fae8d5b5b8fa2a8f63b39f5447168b02db10c888a3e387ed7af2bd1b8612e543"
            ],
            "index": "pip_conf_index_global",
            "version": "==23.9.1"
        },
        "greenlet": {
            "hashes": [
                "sha256:086152f8fbc5955df88382e8a75984e2bb1c892ad2e3c80a2508954e52295257",
                "sha256:098d86f528c855ead3479afe84b49242e174ed262456c342d70fc7f972bc13c4",
                "sha256:1551a8195c0d4a68fac7a4325efac0d541b48def35feb49d803674ac32582f61",
                "sha256:1996cb9306c8595335bb157d133daf5cf9f693ef413e7673cb07e3e5871379ca",
                "sha256:3ddc0f794e6ad661e321caa8d2f0a55ce01213c74722587256fb6566049a8b04",
                "sha256:419b386f84949bf0e7c73e6032e3457b82a787c1ab4a0e43732898a761cc9dbf",
                "sha256:57e8974f23e47dac22b83436bdcf23080ade568ce77df33159e019d161ce1d1e",
                "sha256:64d7675ad83578e3fc149b617a444fab8efdafc9385471f868eb5ff83e446b8b",
                "sha256:6b66c9c1e7ccabad3a7d037b2bcb740122a7b17a53734b7d72a344ce39882a1b",
                "sha256:7170375bcc99f1a2fbd9c306f5be8764eaf3ac6b5cb968862cad4c7057756506",
                "sha256:77457465d89b8263bca14759d7c1684df840b6811b2499838cc5b040a8b5b113",
                "sha256:81bb9c6d52e8321f09c3d165b2a78c680506d9af285bfccbad9fb7ad5a5da3e5",
                "sha256:b37eef18ea55f2ffd8f00ff8fe7c8d3818abd3e25fb73fae2ca3b672e333a7a6",
                "sha256:b7dcbe92cc99f08c8dd11f930de4d99ef756c3591a5377d1d9cd7dd5e896da71",
                "sha256:c5ee858cfe08f34712f548c3c363e807e7186f03ad7a5039ebadb29e8c6be067",
                "sha256:c9db1c18f0eaad2f804728c67d6c610778456e3e1cc4ab4bbd5eeb8e6053c6fc",
                "sha256:d46677c85c5ba00a9cb6f7a00b2bfa6f812192d2c9f7d9c4f6a55b60216712f3",
                "sha256:d73a9fe764d77f87f8ec26a0c85144d6a951a6c438dfe50487df5595c6373eac",
                "sha256:da70d4d51c8b306bb7a031d5cff6cc25ad253affe89b70352af5f1cb68e74b53",
                "sha256:fd096eb7ffef17c456cfa587523c5f92321ae02427ff955bebe9e3c63bc9f0da"
            ],
            "markers": "python_version < '3.11' and platform_python_implementation == 'CPython'",
            "version": "==3.0.3"
        },
        "gunicorn": {
            "hashes": [
                "sha256:3213aa5e8c24949e792bcacfc176fef362e7aac80b76c56f6b5122bf350722f0"
            ],
            "index": "pip_conf_index_global",
            "version": "==21.2.0"
        },
        "h11": {
            "hashes": [
                "sha256:e3fe4ac4b851c468cc8363d500db52c2ead036020723024a109d37346efaa761"
            ],
            "version": "==0.14.0"
        },
        "importlib-metadata": {
            "hashes": [
                "sha256:4805911c3a4ec7c3966410053e9ec6a1fecd629117df5adee56dfc9432a1081e"
            ],
            "markers": "python_version < '3.10'",
            "version": "==7.0.1"
        },
        "itsdangerous": {
            "hashes": [
                "sha256:2c2349112351b88699d8d4b6b075022c0808887cb7ad10069318a8b0bc88db44"
            ],
            "version": "==2.1.2"
        },
        "jinja2": {
            "hashes": [
                "sha256:7d6d50dd97d52cbc355597bd845fabfbac3f551e1f99619e39a35ce8c370b5fa",
                "sha256:ac8bd6544d4bb2c9792bf3a159e80bba8fda7f07e81bc3aed565432d5925ba90"
            ],
            "version": "==3.1.3"
        },
        "loguru": {
            "hashes": [
                "sha256:003d71e3d3ed35f0f8984898359d65b79e5b21943f78af86aa5491210429b8eb"
            ],
            "index": "pip_conf_index_global",
            "version": "==0.7.2"
        },
        "markupsafe": {
            "hashes": [
                "sha256:05fb21170423db021895e1ea1e1f3ab3adb85d1c2333cbc2310f2a26bc77272e",
                "sha256:0a4e4a1aff6c7ac4cd55792abf96c915634c2b97e3cc1c7129578aa68ebd754e",
                "sha256:1b40069d487e7edb2676d3fbdb2b0829ffa2cd63a2ec26c4938b2d34391b4ecc",
                "sha256:282c2cb35b5b673bbcadb33a585408104df04f14b2d9b01d4c345a3b92861c2c",
                "sha256:2c1b19b3aaacc6e57b7e25710ff571c24d6c3613a45e905b1fde04d691b98ee0",
                "sha256:2ef12179d3a291be237280175b542c07a36e7f60718296278d8593d21ca937d4",
                "sha256:3fd4abcb888d15a94f32b75d8fd18ee162ca0c064f35b11134be77050296d6ba",
                "sha256:42de32b22b6b804f42c5d98be4f7e5e977ecdd9ee9b660fda1a3edf03b11792d",
                "sha256:504b320cd4b7eff6f968eddf81127112db685e81f7e36e75f9f84f0df46041c3",
                "sha256:69c0f17e9f5a7afdf2cc9fb2d1ce6aabdb3bafb7f38017c0b77862bcec2bbad8",
                "sha256:6b2b56950d93e41f33b4223ead100ea0fe11f8e6ee5f641eb753ce4b77a7042b",
                "sha256:7ef3cb2ebbf91e330e3bb937efada0edd9003683db6b57bb108c4001f37a02ea",
                "sha256:8023faf4e01efadfa183e863fefde0046de576c6f14659e8782065bcece22198",
                "sha256:8afafd99945ead6e075b973fefa56379c5b5c53fd8937dad92c662da5d8fd5ee",
                "sha256:8c41976a29d078bb235fea9b2ecd3da465df42a562910f9022f1a03107bd02be",
                "sha256:9dcdfd0eaf283af041973bff14a2e143b8bd64e069f4c383416ecd79a81aab58",
                "sha256:ab4a0df41e7c16a1392727727e7998a467472d0ad65f3ad5e6e765015df08636",
                "sha256:ceb01949af7121f9fc39f7d27f91be8546f3fb112c608bc4029aef0bab86a2a5",
                "sha256:d080e0a5eb2529460b30190fcfcc4199bd7f827663f858a226a81bc27beaa97e",
                "sha256:fec21693218efe39aa7f8599346e90c705afa52c5b31ae019b2e57e8f6542bb2"
            ],
            "version": "==2.1.3"
        },
        "mutagen": {
            "hashes": [
                "sha256:edd96f50c5907a9539d8e5bba7245f62c9f520aef333d13392a79a4f70aca719"
            ],
            "index": "pip_conf_index_global",
            "version": "==1.47.0"
        },
        "packaging": {
            "hashes": [
                "sha256:8c491190033a9af7e1d931d0b5dacc2ef47509b34dd0de67ed209b5203fc88c7"
            ],
            "version": "==23.2"
        },
        "pycparser": {
            "hashes": [
                "sha256:8ee45429555515e1f6b185e78100aea234072576aa43ab53aefcae078162fca9"
            ],
            "version": "==2.21"
        },
        "pyjwt": {
            "hashes": [
                "sha256:57e28d156e3d5c10088e0c68abb90bfac3df82b40a71bd0daa20c65ccd5c23de",
                "sha256:59127c392cc44c2da5bb3192169a91f429924e17aff6534d70fdc02ab3e04320"
            ],
            "index": "pip_conf_index_global",
            "version": "==2.8.0"
        },
        "pymysql": {
            "hashes": [
                "sha256:5072fb2637f8bfff0e7a15a9c02a0f4ba98f97800e12432e1d6d95936ec6d496",
                "sha256:766b72e4370aba94e6266a4dbd62c51fbc6a894c38de25a41a8a01f0461a2387",
                "sha256:8969ec6d763c856f7073c4c64662882675702efcb114b4bcbb955aea3a069fa7"
            ],
            "index": "pip_conf_index_global",
            "version": "==1.1.0"
        },
        "pyyaml": {
            "hashes": [
                "sha256:04ac92ad1925b2cff1db0cfebffb6ffc43457495c9b3c39d3fcae417d7125dc5",
                "sha256:184c5108a2aca3c5b3d3bf9395d50893a7ab82a38004c8f61c258d4428e80206",
                "sha256:1d4c7e777c441b20e32f52bd377e0c409713e8bb1386e1099c2415f26e479595",
                "sha256:1e2722cc9fbb45d9b87631ac70924c11d3a401b2d7f410cc0e3bbf249f2dca62",
                "sha256:28c119d996beec18c05208a8bd78cbe4007878c6dd15091efb73a30e90539696",
                "sha256:49a183be227561de579b4a36efbb21b3eab9651dd81b1858589f796549873dd6",
                "sha256:510c9deebc5c0225e8c96813043e62b680ba2f9c50a08d3724c7f28a747d1486",
                "sha256:5773183b6446b2c99bb77e77595dd486303b4faab2b086e7b17bc6bef28865f6",
                "sha256:7e07cbde391ba96ab58e532ff4803f79c4129397514e1413a7dc761ccd755735",
                "sha256:9eb6caa9a297fc2c2fb8862bc5370d0303ddba53ba97e71f08023b6cd73d16a8",
                "sha256:a0cd17c15d3bb3fa06978b4e8958dcdc6e0174ccea823003a106c7d4d7899ac5",
                "sha256:b786eecbdf8499b9ca1d697215862083bd6d2a99965554781d0d8d1ad31e13a0",
                "sha256:bc1bf2925a1ecd43da378f4db9e4f799775d6367bdb94671027b73b393a7c42c",
                "sha256:c8098ddcc2a85b61647b2590f825f3db38891662cfc2fc776415143f599bb859",
                "sha256:faca3bdcf85b2fc05d06ff3fbc1f83e1391b3e724afa3feba7d13eeab355484c"
            ],
            "index": "pip_conf_index_global",
            "version": "==6.0.1"
        },
        "setuptools": {
            "hashes": [
                "sha256:385eb4edd9c9d5c17540511303e39a147ce2fc04bc55289c322b9e5904fe2c05",
                "sha256:be1af57fc409f93647f2e8e4573a142ed38724b8cdd389706a867bb4efcf1e78"
            ],
            "version": "==69.0.3"
        },
        "typing-extensions": {
            "hashes": [
                "sha256:23478f88c37f27d76ac8aee6c905017a143b0b1b886c3c9f66bc2fd94f9f5783",
                "sha256:56a8f7a8776ea160e59ef0af6fc3a3a03b7d42156b90e47f0241515fcec620c2",
                "sha256:af72aea155e91adfc61c3ae9e0e342dbc0cba726d6cba4b6c72c1f34e47291cd",
                "sha256:cc22327e22d9b583d1565ce1ed9f5ecc22831afa743f8789a403cad849fb702b"
            ],
            "markers": "python_version < '3.11'",
            "version": "==4.9.0"
        },
        "uvicorn": {
            "hashes": [
                "sha256:6dddbad1d7ee0f5140aba5ec138ddc9612c5109399903828b4874c9937f009c2",
                "sha256:ce107f5d9bd02b4636001a77a4e74aab5e1e2b146868ebbad565237145af444c"
            ],
            "index": "pip_conf_index_global",
            "version": "==0.25.0"
        },
        "waitress": {
            "hashes": [
                "sha256:7500c9625927c8ec60f54377d590f67b30c8e70ef4b8894214ac6e4cad233d2a",
                "sha256:780a4082c5fbc0fde6a2fcfe5e26e6efc1e8f425730863c04085769781f51eba"
            ],
            "index": "pip_conf_index_global",
            "version": "==2.1.2"
        },
        "werkzeug": {
            "hashes": [
                "sha256:507e811ecea72b18a404947aded4b3390e1db8f826b494d76550ef45bb3b1dcc",
                "sha256:90a285dc0e42ad56b34e696398b8122ee4c681833fb35b8334a095d82c56da10"
            ],
            "version": "==3.0.1"
        },
        "win32-setctime": {
            "hashes": [
                "sha256:15cf5750465118d6929ae4de4eb46e8edae9a5634350c01ba582df868e932cb2",
                "sha256:231db239e959c2fe7eb1d7dc129f11172354f98361c4fa2d6d2d7e278baa8aad"
            ],
            "markers": "sys_platform == 'win32'",
            "version": "==1.1.0"
        },
        "zipp": {
            "hashes": [
                "sha256:0e923e726174922dce09c53c59ad483ff7bbb8e572e00c7f7c46b88556409f31",
                "sha256:84e64a1c28cf7e91ed2078bb8cc8c259cb19b76942096c8d7b84947690cabaf0"
            ],
            "version": "==3.17.0"
        },
        "zope.event": {
            "hashes": [
                "sha256:2666401939cdaa5f4e0c08cf7f20c9b21423b95e88f4675b1443973bdb080c42",
                "sha256:2832e95014f4db26c47a13fdaef84cef2f4df37e66b59d8f1f4a8f319a632c26",
                "sha256:3ab4cb8e19c0b76d029fdfc9aded9e08f34f705406cd4671677c2f209a72c5f9",
                "sha256:5e76517f5b9b119acf37ca8819781db6c16ea433f7e2062c4afc2b6fbedb1330",
                "sha256:bac440d8d9891b4068e2b5a2c5e2c9765a9df762944bda6955f96bb9b91e67cd",
                "sha256:cc9aee0c665a63f538d27340c8a576715b2cc156d21e49c7bb75ccd422ca2e62"
            ],
            "version": "==5.0"
        },
        "zope.interface": {
            "hashes": [
                "sha256:00e540900682c0176d7603bbb0321d05c26a17e528f1f524df48a8cb634ad0f3",
                "sha256:0326cc72f232167498eb4814232c960881bd8eb5e1f7e92ed07ea7afbf21dbb0",
                "sha256:03f9cd0bd669b37c8290c2c04e6bdba321b24d4301daa40000e9d0376908b86f",
                "sha256:04ab70d12e46f54f2c614e9ca12f3d29de41101f05563f7c9bd3351fcf6d85c3",
                "sha256:090cc8c625f1853cfcaa46e333e151210565a4e1379a6f509069b53389b1ec23",
                "sha256:09e531f7b553f195a5d02c7974d71d6646ce2a5675f85c0ed4479d754c776b8d",
                "sha256:0c8cf55261e15590065039696607f6c9c1aeda700ceee40c70478552d323b3ff",
                "sha256:0e7ced5288b86a4cfddeb87dde63dea1282117c5e776acfc1ad51c4a479a288e",
                "sha256:13b7d0f2a67eb83c385880489dbb80145e9d344427b4262c49fbf2581677c11c",
                "sha256:167ea1a5c28aad2fa7fb0ca8761229bf54766ab6e696c80e592ee8c936ab1776",
                "sha256:1ad9d87bee6c49bb00d75ad854288e41a4acbe3b7d3576faeb1662d2f0e48e00",
                "sha256:1ca4d956edf0bd6e7fa52953bfd607b0cb51f1da9ec9092f025ca18a25b9910e",
                "sha256:1f294a15f7723fc0d3b40701ca9b446133ec713eafc1cc6afa7b3d98666ee1ac",
                "sha256:1f60c12d644e77120bf0a88d0082214c34529b08b85835972da2a1407fb5b5b7",
                "sha256:2373f505028da08aaf6c8bba2da6227fbca9c767dd9962b59416749c8ea1f6a3",
                "sha256:239a4a08525c080ff833560171d23b249f7f4d17fcbf9316ef4159f44997616f",
                "sha256:27588c83329e657c2d038337d7f0e4f2daf3855a89ae197eb5312332f4e32520",
                "sha256:2900750bc08e1adc14799eecf3afb6bcfa93d334e32407273af051b0e1bf198b",
                "sha256:294c3c0529e84169177bce78d616c768fa1c028a2fbc1854f615d32ed88dbc6c",
                "sha256:2b0b30df96fbb2d74cfe75a817750cd9b33fcdc157274de5b0c0c305bccb31f9",
                "sha256:2cd536f007e875d330e7e3f80204cede6d4dad7d5cdc7019d77b11b501e3b132",
                "sha256:2f8d89721834524a813f37fa174bac074ec3d179858e4ad1b7efd4401f8ac45d",
                "sha256:2fdc7ccbd6eb6b7df5353012fbed6c3c5d04ceaca0038f75e601060e95345309",
                "sha256:3441752f3a05db1fb0644ffab487d327bf2af3fea8a13b4b3a5edb8725cb35b3",
                "sha256:34c15ca9248f2e095ef2e93af2d633358c5f048c49fbfddf5fdfc47d5e263736",
                "sha256:35e5c85469ffe9749ba9f885eedaed233f0e1fd24ced06e5edf339af76b936fa",
                "sha256:363c950c5c1e47e9d6184854c4fcf571c3d1b8846a71b7e0d1203b3dd3bb1fba",
                "sha256:387545206c56b0315fbadb0431d5129c797f92dc59e276b3ce82db07ac1c6179",
                "sha256:39273357177f1566134c18f6a26076e5b1938292fe5994f5197a0ed2374882b4",
                "sha256:3b17e8f8a6d871f29b8ab073a5aebce95d562210c6a0737eb96a343bad8aed91",
                "sha256:415526873ad6ccea853801dbfe6074dbd5e16487854b17c343d9fc7f095bb483",
                "sha256:4270dc3115c295d86fffbf63c2bd9cb7e2ea8ab9c6b1e70d1c411975b4f58a25",
                "sha256:43b576c34ef0c1f5a4981163b551a8781896f2a37f71b8655fd20b5af0386abb",
                "sha256:48299561fe59dfbb4430b6bf0a2f3a3cbfc8bc25e03f8861a3a57222b57a9512",
                "sha256:48d882dfbbf5d73db57a2c66356e362a6164990954ff10ce4c65160b20ba6455",
                "sha256:4a208684351acf68357ab17aacaa3bbdd293aa039b73a891c281c4df63c625e2",
                "sha256:4a39fb4e388f23c3d22d7ba8c59f99da52cb7f3f2a66ccff454b1f7df8069c54",
                "sha256:4c518a72e10103b1d74f616a6145711a002601665c147e264e9e9e0823f339b1",
                "sha256:4e87274a2c58d3ae9abccbc663eebbf7b2972e8c3fc1a2513fce864f366f7ff8",
                "sha256:57d0a8ce40ce440f96a2c77824ee94bf0d0925e6089df7366c2272ccefcb7941",
                "sha256:57e981db978a12f4612c599ebbb68ff2dbd81a4617186a12f5c727e686e31461",
                "sha256:58ce64e3227ac6fd54c9053e0f452bfba4f3f1ca3d4387f34ee1476d17244fe5",
                "sha256:5a804abc126b33824a44a7aa94f06cd211a18bbf31898ba04bd0924fbe9d282d",
                "sha256:5e04480b88ccadd0ce691551d3af9657c3a24b53993196a8078241c9a05616b0",
                "sha256:632ede9e163847e9c12b214e376ef6fbc639c9c700a3b0175ba8361cff82d069",
                "sha256:636d9860d05c8faa563d88196c264824aacb6253e7f3cb43d8fc983e5402a2cd",
                "sha256:6710a62f15eb97c3da8a5123f4bf1c737b31f804999284c4f5755ef9d5d5d12b",
                "sha256:67be3ca75012c6e9b109860820a8b6c9a84bfb036fbd1076246b98e56951ca92",
                "sha256:6af47f10cfc54c2ba2d825220f180cc1e2d4914d783d6fc0cd93d43d7bc1c78b",
                "sha256:6dc998f6de015723196a904045e5a2217f3590b62ea31990672e31fbc5370b41",
                "sha256:6ed7d7a3d2c45921ad08c709a3130ecf580341de0a675d9e19dccf3917e7f8c4",
                "sha256:70d2cef1bf529bff41559be2de9d44d47b002f65e17f43c73ddefc92f32bf00f",
                "sha256:729ecde69ea9874670b993125567738f4819ebd4442b528ea649674b37a6061d",
                "sha256:7359307ce85ccf5800ab836c16824f97672d22ab8541802e55fcfbe585198e47",
                "sha256:7371e15df1aaffb076c2a886b2a2932dac171d45581b4fa0be2ced477e480777",
                "sha256:77f1f29759014732e3b7addfcfaf14c73a0f325af9d628d5f811d4e58043b3c3",
                "sha256:7d209430d75eaa5cda793cf704faf1129b4d2dc0ca64e5d54db1d17bb5a52ce4",
                "sha256:7ebc4d34e7620c4f0da7bf162c81978fce0ea820e4fa1e8fc40ee763839805f3",
                "sha256:86fbe6eadc071d9adb9d93b0c04e68b10b4905f3c27b4f5a25cdc805500b324c",
                "sha256:870b6a1727611ce5321e7fb45eff025b9abf1009e89b22f0534bcb2808031542",
                "sha256:88ac8670b5f4dd1b743a04558cf4ad3e581a2c21f42ffaa190a3676e5e22e3b7",
                "sha256:964a7af27379ff4357dad1256d9f215047e70e93009e532d36dcb8909036033d",
                "sha256:97551fae84ef6ccaa8d8c7042ac3945f50c641d271733a215f61db8eebb59047",
                "sha256:976d7b50221f3cd1b2c8cfda0e1f3e371950124f288b5f97a0b28ffda4f56844",
                "sha256:97806e9ca3651588c1baaebb8d0c5ee3db95430b612db354c199b57378312ee8",
                "sha256:98586b7a16add0503b8851e848bd06e8b4b5d9ead825b28ab93a982c3e0a76ee",
                "sha256:9970222b1ad15636422e9cc95ae0dfbbe5ca4127a94027c94dbdb2b1ee6ee618",
                "sha256:9b9bc671626281f6045ad61d93a60f52fd5e8209b1610972cf0ef1bbe6d808e3",
                "sha256:9c98ca179a060ce48564407179839390acd804f0a70a9954a30a605b5b251540",
                "sha256:9ffdaa5290422ac0f1688cb8adb1b94ca56cee3ad11f29f2ae301df8aecba7d1",
                "sha256:a0da79117952a9a41253696ed3e8b560a425197d4e41634a23b1507efe3273f1",
                "sha256:a41f87bb93b8048fe866fa9e3d0c51e27fe55149035dcf5f43da4b56732c0a40",
                "sha256:a87beabbdf45640c9c0188e1318df0d7e8ef0ccc80933227581ce9d2e6cccd35",
                "sha256:aa6fd016e9644406d0a61313e50348c706e911dca29736a3266fc9e28ec4ca6d",
                "sha256:abc4dd63500f34d8f11fee7f5967f8d56856964c8530d468ab53bb72ceee4712",
                "sha256:ad1d592f0e8c9d832cba91afc8ca1e0ee220f6c5b981937293c479148a89883d",
                "sha256:ad54ed57bdfa3254d23ae04a4b1ce405954969c1b0550cc2d1d2990e8b439de1",
                "sha256:b012d023b4fb59183909b45d7f97fb493ef7a46d2838a5e716e3155081894605",
                "sha256:b42d6d6de23d3a287342b286864b4bef371fa4fe0409fda79a1eaec01af2b1cf",
                "sha256:b51b64432eed4c0744241e9ce5c70dcfecac866dff720e746d0a9c82f371dfa7",
                "sha256:b6cd75530f51179a4165ee1bccff1a690ea64e001e02e1317dc177dee15ba13f",
                "sha256:b7813fe1a4761783a431ef66b2b259e201e44eab86aac1baf135933c49503e0d",
                "sha256:b8cf747b32cf47eb30960dda3593e7c386cfd4eac4d1697fb911b7608f00c6c4",
                "sha256:bb4a242055d11fbbc7f553808ba63c6997aa34f42962bf052682ff6e4997461b",
                "sha256:bbe81def9cf3e46f16ce01d9bfd8bea595e06505e51b7baf45115c77352675fd",
                "sha256:c1c4ff056cdabe871ff89bedab16b4123098af1af8ddbb20bf43bcd8fe6474fe",
                "sha256:c9559138690e1bd4ea6cd0954d22d1e9251e8025ce9ede5d0af0ceae4a401e43",
                "sha256:cb7d92c6579bdcbe18933b8b914d2141760efa47ea586a4b9206320ec00bd587",
                "sha256:d371fed7fea574a1e8b056cd1eb8506dc40791aca2623521cb41d09f98852fe6",
                "sha256:d711955d9f183d78a1937f69d11329bafa40741c0d6f97d3a210fe21fd666508",
                "sha256:db0ca240b647388754ad4c9cee053a9bd731f933943c5cadaf2195ce3b953652",
                "sha256:e30506bcb03de8983f78884807e4fd95d8db6e65b69257eea05d13d519b83ac0",
                "sha256:e33e86fd65f369f10608b08729c8f1c92ec7e0e485964670b4d2633a4812d36b",
                "sha256:e441e8b7d587af0414d25e8d05e27040d78581388eed4c54c30c0c91aad3a379",
                "sha256:e59e4679ec69ddc5e08261fda82278ab7fb1fa6eb5b850d3165742c1bbb6ec1d",
                "sha256:e8bb9c990ca9027b4214fa543fd4025818dc95f8b7abce79d61dc8a2112b561a",
                "sha256:ed58ffd21752f9b92258284d59d8218dfb0bf0fcb41c75ffa4c1317fdf58bb39",
                "sha256:ed66b6a2dfcdee6300f2d329661667634b3b3b6c502a94d0bbfa83c9c0229b96",
                "sha256:ef43ee91c193f827e49599e824385ec7c7f3cd152d74cb1dfe02cb135f264d83",
                "sha256:ef467d86d3cfde8b39ea1b35090208b0447caaabd38405420830f7fd85fbdd56",
                "sha256:f16319abdd98f728acca7e27750495d7ddbbb566a595f44f52f70852c93a69c7",
                "sha256:f4f97f40bd9d9dca64fa68e0329db3269d6cb97e207946c5ccdfa865a6d32b9b",
                "sha256:f73552012b31af214e8f0e7b6e43066c968f189d2e2f005e271e3308ee6fa3f2",
                "sha256:f89b28772fc2562ed9ad871c865f5320ef761a7fcc188a935e21fe8b31a38ca9",
                "sha256:fbd3da2c4d3dd6fcf9be427825b5137ffed2a8395a696a7a4613e9bcd4dffe10",
                "sha256:fca350cadf205ff20700b10075a894a2e1cdf201321f1d5d25950b43013a4148",
                "sha256:fddbab55a2473f1d3b8833ec6b7ac31e8211b0aa608df5ab09ce07f3727326de"
            ],
            "version": "==6.1"
        }
    },
    "develop": {}
}
